
Microsoft Visual Studio Solution File, Format Version 12.00
# Visual Studio 15
VisualStudioVersion = 15.0.28307.1259
MinimumVisualStudioVersion = 10.0.40219.1
Project("{E24C65DC-7377-472B-9ABA-BC803B73C61A}") = "HiPhucShop", ".", "{74EAFAC9-BA2E-47FD-A845-1CDE2A3314F1}"
	ProjectSection(WebsiteProperties) = preProject
		TargetFrameworkMoniker = ".NETFramework,Version%3Dv4.5"
		Debug.AspNetCompiler.VirtualPath = "/localhost_55367"
		Debug.AspNetCompiler.PhysicalPath = "D:\Do_an_CNTT\DoAn\HiPhucShop\"
		Debug.AspNetCompiler.TargetPath = "PrecompiledWeb\localhost_55367\"
		Debug.AspNetCompiler.Updateable = "true"
		Debug.AspNetCompiler.ForceOverwrite = "true"
		Debug.AspNetCompiler.FixedNames = "false"
		Debug.AspNetCompiler.Debug = "True"
		Release.AspNetCompiler.VirtualPath = "/localhost_55367"
		Release.AspNetCompiler.PhysicalPath = "D:\Do_an_CNTT\DoAn\HiPhucShop\"
		Release.AspNetCompiler.TargetPath = "PrecompiledWeb\localhost_55367\"
		Release.AspNetCompiler.Updateable = "true"
		Release.AspNetCompiler.ForceOverwrite = "true"
		Release.AspNetCompiler.FixedNames = "false"
		Release.AspNetCompiler.Debug = "False"
		VWDPort = "55367"
	EndProjectSection
EndProject
Global
	GlobalSection(SolutionConfigurationPlatforms) = preSolution
		Debug|Any CPU = Debug|Any CPU
	EndGlobalSection
	GlobalSection(ProjectConfigurationPlatforms) = postSolution
		{74EAFAC9-BA2E-47FD-A845-1CDE2A3314F1}.Debug|Any CPU.ActiveCfg = Debug|Any CPU
		{74EAFAC9-BA2E-47FD-A845-1CDE2A3314F1}.Debug|Any CPU.Build.0 = Debug|Any CPU
	EndGlobalSection
	GlobalSection(SolutionProperties) = preSolution
		HideSolutionNode = FALSE
	EndGlobalSection
	GlobalSection(ExtensibilityGlobals) = postSolution
		SolutionGuid = {F8D7F477-D5D3-440C-8C85-410C003E3B65}
	EndGlobalSection
EndGlobal
